
Microsoft Visual Studio Solution File, Format Version 12.00
# Visual Studio Version 17
VisualStudioVersion = 17.4.33213.308
MinimumVisualStudioVersion = 10.0.40219.1
Project("{9A19103F-16F7-4668-BE54-9A1E7A4F7556}") = "CaptureTheFlag", "CaptureTheFlag.csproj", "{128DF9C7-9F60-4F47-962C-5E4B127770B4}"
EndProject
Project("{FAE04EC0-301F-11D3-BF4B-00C04F79EFBC}") = "Tests", "..\Tests\Tests.csproj", "{D55745A7-008C-41DC-B102-53766AC5991C}"
EndProject
Global
	GlobalSection(SolutionConfigurationPlatforms) = preSolution
		Debug|Any CPU = Debug|Any CPU
		Release|Any CPU = Release|Any CPU
	EndGlobalSection
	GlobalSection(ProjectConfigurationPlatforms) = postSolution
		{128DF9C7-9F60-4F47-962C-5E4B127770B4}.Debug|Any CPU.ActiveCfg = Debug|Any CPU
		{128DF9C7-9F60-4F47-962C-5E4B127770B4}.Debug|Any CPU.Build.0 = Debug|Any CPU
		{128DF9C7-9F60-4F47-962C-5E4B127770B4}.Release|Any CPU.ActiveCfg = Release|Any CPU
		{128DF9C7-9F60-4F47-962C-5E4B127770B4}.Release|Any CPU.Build.0 = Release|Any CPU
		{D55745A7-008C-41DC-B102-53766AC5991C}.Debug|Any CPU.ActiveCfg = Debug|Any CPU
		{D55745A7-008C-41DC-B102-53766AC5991C}.Debug|Any CPU.Build.0 = Debug|Any CPU
		{D55745A7-008C-41DC-B102-53766AC5991C}.Release|Any CPU.ActiveCfg = Release|Any CPU
		{D55745A7-008C-41DC-B102-53766AC5991C}.Release|Any CPU.Build.0 = Release|Any CPU
	EndGlobalSection
	GlobalSection(SolutionProperties) = preSolution
		HideSolutionNode = FALSE
	EndGlobalSection
	GlobalSection(ExtensibilityGlobals) = postSolution
		SolutionGuid = {7DA52D95-AEB8-4260-9999-C247710D2F59}
	EndGlobalSection
EndGlobal
